
Microsoft Visual Studio Solution File, Format Version 12.00
# Visual Studio Version 17
VisualStudioVersion = 17.5.33424.131
MinimumVisualStudioVersion = 10.0.40219.1
Project("{9A19103F-16F7-4668-BE54-9A1E7A4F7556}") = "DAL", "DAL\DAL.csproj", "{38FA6D60-655A-46AA-B42D-548850D0A42B}"
EndProject
Project("{9A19103F-16F7-4668-BE54-9A1E7A4F7556}") = "Web", "Web\Web.csproj", "{D05F1B1F-A3E8-4806-97FE-A3BDCD5B0963}"
EndProject
Project("{9A19103F-16F7-4668-BE54-9A1E7A4F7556}") = "BLL", "BLL\BLL.csproj", "{7BB4A669-538B-47C0-8ACF-64EC221BA3F0}"
EndProject
Project("{9A19103F-16F7-4668-BE54-9A1E7A4F7556}") = "PresentationLayer", "PresentationLayer\PresentationLayer.csproj", "{F4BF4935-77B7-426B-A451-1CEBC8A92717}"
EndProject
Project("{9A19103F-16F7-4668-BE54-9A1E7A4F7556}") = "TestProjectDAL", "TestProjectDAL\TestProjectDAL.csproj", "{6A250648-5530-4118-8111-4C7A55741459}"
EndProject
Project("{9A19103F-16F7-4668-BE54-9A1E7A4F7556}") = "TestProjectBLL", "TestProjectBLL\TestProjectBLL.csproj", "{D12C6D8C-B473-4141-8E44-BD2A754648A4}"
EndProject
Project("{FAE04EC0-301F-11D3-BF4B-00C04F79EFBC}") = "TestMVCControllers", "TestMVCControllers\TestMVCControllers.csproj", "{FB900483-FF83-4DD0-97AA-5902C4450312}"
EndProject
Project("{FAE04EC0-301F-11D3-BF4B-00C04F79EFBC}") = "TestAPIControllers", "TestAPIControllers\TestAPIControllers.csproj", "{D0B48AA7-2B2E-4CE6-947B-8F827B37FCAE}"
EndProject
Global
	GlobalSection(SolutionConfigurationPlatforms) = preSolution
		Debug|Any CPU = Debug|Any CPU
		Release|Any CPU = Release|Any CPU
	EndGlobalSection
	GlobalSection(ProjectConfigurationPlatforms) = postSolution
		{38FA6D60-655A-46AA-B42D-548850D0A42B}.Debug|Any CPU.ActiveCfg = Debug|Any CPU
		{38FA6D60-655A-46AA-B42D-548850D0A42B}.Debug|Any CPU.Build.0 = Debug|Any CPU
		{38FA6D60-655A-46AA-B42D-548850D0A42B}.Release|Any CPU.ActiveCfg = Release|Any CPU
		{38FA6D60-655A-46AA-B42D-548850D0A42B}.Release|Any CPU.Build.0 = Release|Any CPU
		{D05F1B1F-A3E8-4806-97FE-A3BDCD5B0963}.Debug|Any CPU.ActiveCfg = Debug|Any CPU
		{D05F1B1F-A3E8-4806-97FE-A3BDCD5B0963}.Debug|Any CPU.Build.0 = Debug|Any CPU
		{D05F1B1F-A3E8-4806-97FE-A3BDCD5B0963}.Release|Any CPU.ActiveCfg = Release|Any CPU
		{D05F1B1F-A3E8-4806-97FE-A3BDCD5B0963}.Release|Any CPU.Build.0 = Release|Any CPU
		{7BB4A669-538B-47C0-8ACF-64EC221BA3F0}.Debug|Any CPU.ActiveCfg = Debug|Any CPU
		{7BB4A669-538B-47C0-8ACF-64EC221BA3F0}.Debug|Any CPU.Build.0 = Debug|Any CPU
		{7BB4A669-538B-47C0-8ACF-64EC221BA3F0}.Release|Any CPU.ActiveCfg = Release|Any CPU
		{7BB4A669-538B-47C0-8ACF-64EC221BA3F0}.Release|Any CPU.Build.0 = Release|Any CPU
		{F4BF4935-77B7-426B-A451-1CEBC8A92717}.Debug|Any CPU.ActiveCfg = Debug|Any CPU
		{F4BF4935-77B7-426B-A451-1CEBC8A92717}.Debug|Any CPU.Build.0 = Debug|Any CPU
		{F4BF4935-77B7-426B-A451-1CEBC8A92717}.Release|Any CPU.ActiveCfg = Release|Any CPU
		{F4BF4935-77B7-426B-A451-1CEBC8A92717}.Release|Any CPU.Build.0 = Release|Any CPU
		{6A250648-5530-4118-8111-4C7A55741459}.Debug|Any CPU.ActiveCfg = Debug|Any CPU
		{6A250648-5530-4118-8111-4C7A55741459}.Debug|Any CPU.Build.0 = Debug|Any CPU
		{6A250648-5530-4118-8111-4C7A55741459}.Release|Any CPU.ActiveCfg = Release|Any CPU
		{6A250648-5530-4118-8111-4C7A55741459}.Release|Any CPU.Build.0 = Release|Any CPU
		{D12C6D8C-B473-4141-8E44-BD2A754648A4}.Debug|Any CPU.ActiveCfg = Debug|Any CPU
		{D12C6D8C-B473-4141-8E44-BD2A754648A4}.Debug|Any CPU.Build.0 = Debug|Any CPU
		{D12C6D8C-B473-4141-8E44-BD2A754648A4}.Release|Any CPU.ActiveCfg = Release|Any CPU
		{D12C6D8C-B473-4141-8E44-BD2A754648A4}.Release|Any CPU.Build.0 = Release|Any CPU
		{FB900483-FF83-4DD0-97AA-5902C4450312}.Debug|Any CPU.ActiveCfg = Debug|Any CPU
		{FB900483-FF83-4DD0-97AA-5902C4450312}.Debug|Any CPU.Build.0 = Debug|Any CPU
		{FB900483-FF83-4DD0-97AA-5902C4450312}.Release|Any CPU.ActiveCfg = Release|Any CPU
		{FB900483-FF83-4DD0-97AA-5902C4450312}.Release|Any CPU.Build.0 = Release|Any CPU
		{D0B48AA7-2B2E-4CE6-947B-8F827B37FCAE}.Debug|Any CPU.ActiveCfg = Debug|Any CPU
		{D0B48AA7-2B2E-4CE6-947B-8F827B37FCAE}.Debug|Any CPU.Build.0 = Debug|Any CPU
		{D0B48AA7-2B2E-4CE6-947B-8F827B37FCAE}.Release|Any CPU.ActiveCfg = Release|Any CPU
		{D0B48AA7-2B2E-4CE6-947B-8F827B37FCAE}.Release|Any CPU.Build.0 = Release|Any CPU
	EndGlobalSection
	GlobalSection(SolutionProperties) = preSolution
		HideSolutionNode = FALSE
	EndGlobalSection
	GlobalSection(ExtensibilityGlobals) = postSolution
		SolutionGuid = {36526767-A3AC-49A9-9EAE-8ACAF6FA4757}
	EndGlobalSection
EndGlobal
