
Microsoft Visual Studio Solution File, Format Version 12.00
# Visual Studio Version 17
VisualStudioVersion = 17.5.33424.131
MinimumVisualStudioVersion = 10.0.40219.1
Project("{9A19103F-16F7-4668-BE54-9A1E7A4F7556}") = "DAL", "DAL\DAL.csproj", "{38FA6D60-655A-46AA-B42D-548850D0A42B}"
EndProject
Project("{9A19103F-16F7-4668-BE54-9A1E7A4F7556}") = "Web", "Web\Web.csproj", "{D05F1B1F-A3E8-4806-97FE-A3BDCD5B0963}"
EndProject
Project("{9A19103F-16F7-4668-BE54-9A1E7A4F7556}") = "BLL", "BLL\BLL.csproj", "{7BB4A669-538B-47C0-8ACF-64EC221BA3F0}"
EndProject
Project("{FAE04EC0-301F-11D3-BF4B-00C04F79EFBC}") = "PresentationLayer", "PresentationLayer\PresentationLayer.csproj", "{F4BF4935-77B7-426B-A451-1CEBC8A92717}"
EndProject
Global
	GlobalSection(SolutionConfigurationPlatforms) = preSolution
		Debug|Any CPU = Debug|Any CPU
		Release|Any CPU = Release|Any CPU
	EndGlobalSection
	GlobalSection(ProjectConfigurationPlatforms) = postSolution
		{38FA6D60-655A-46AA-B42D-548850D0A42B}.Debug|Any CPU.ActiveCfg = Debug|Any CPU
		{38FA6D60-655A-46AA-B42D-548850D0A42B}.Debug|Any CPU.Build.0 = Debug|Any CPU
		{38FA6D60-655A-46AA-B42D-548850D0A42B}.Release|Any CPU.ActiveCfg = Release|Any CPU
		{38FA6D60-655A-46AA-B42D-548850D0A42B}.Release|Any CPU.Build.0 = Release|Any CPU
		{D05F1B1F-A3E8-4806-97FE-A3BDCD5B0963}.Debug|Any CPU.ActiveCfg = Debug|Any CPU
		{D05F1B1F-A3E8-4806-97FE-A3BDCD5B0963}.Debug|Any CPU.Build.0 = Debug|Any CPU
		{D05F1B1F-A3E8-4806-97FE-A3BDCD5B0963}.Release|Any CPU.ActiveCfg = Release|Any CPU
		{D05F1B1F-A3E8-4806-97FE-A3BDCD5B0963}.Release|Any CPU.Build.0 = Release|Any CPU
		{7BB4A669-538B-47C0-8ACF-64EC221BA3F0}.Debug|Any CPU.ActiveCfg = Debug|Any CPU
		{7BB4A669-538B-47C0-8ACF-64EC221BA3F0}.Debug|Any CPU.Build.0 = Debug|Any CPU
		{7BB4A669-538B-47C0-8ACF-64EC221BA3F0}.Release|Any CPU.ActiveCfg = Release|Any CPU
		{7BB4A669-538B-47C0-8ACF-64EC221BA3F0}.Release|Any CPU.Build.0 = Release|Any CPU
		{F4BF4935-77B7-426B-A451-1CEBC8A92717}.Debug|Any CPU.ActiveCfg = Debug|Any CPU
		{F4BF4935-77B7-426B-A451-1CEBC8A92717}.Debug|Any CPU.Build.0 = Debug|Any CPU
		{F4BF4935-77B7-426B-A451-1CEBC8A92717}.Release|Any CPU.ActiveCfg = Release|Any CPU
		{F4BF4935-77B7-426B-A451-1CEBC8A92717}.Release|Any CPU.Build.0 = Release|Any CPU
	EndGlobalSection
	GlobalSection(SolutionProperties) = preSolution
		HideSolutionNode = FALSE
	EndGlobalSection
	GlobalSection(ExtensibilityGlobals) = postSolution
		SolutionGuid = {36526767-A3AC-49A9-9EAE-8ACAF6FA4757}
	EndGlobalSection
EndGlobal
